{
  "name": "arctan.paper",
  "version": "1.0.8",
  "lockfileVersion": 2,
  "requires": true,
  "packages": {
    "": {
      "name": "arctan.paper",
      "version": "1.0.8",
      "license": "ISC",
      "dependencies": {
        "arctan.meridian": "^1.2.0"
      }
    },
    "node_modules/arctan.meridian": {
      "version": "1.2.0",
      "resolved": "https://registry.npmjs.org/arctan.meridian/-/arctan.meridian-1.2.0.tgz",
      "integrity": "sha512-YZTSga0SZSLU/F4AH6kPL5g1KIGl1RXFf+2DndvI2YhEU+2ixHlD8duVrWhrVsDPt7q0ZcENi/OxokwA+4vJ8g=="
    }
  },
  "dependencies": {
    "arctan.meridian": {
      "version": "1.2.0",
      "resolved": "https://registry.npmjs.org/arctan.meridian/-/arctan.meridian-1.2.0.tgz",
      "integrity": "sha512-YZTSga0SZSLU/F4AH6kPL5g1KIGl1RXFf+2DndvI2YhEU+2ixHlD8duVrWhrVsDPt7q0ZcENi/OxokwA+4vJ8g=="
    }
  }
}
