{
  "name": "arctan.paper",
  "version": "1.0.6",
  "lockfileVersion": 2,
  "requires": true,
  "packages": {
    "": {
      "name": "arctan.paper",
      "version": "1.0.6",
      "license": "ISC",
      "dependencies": {
        "arctan.autle": "^1.0.0"
      }
    },
    "node_modules/arctan.autle": {
      "version": "1.0.0",
      "resolved": "https://registry.npmjs.org/arctan.autle/-/arctan.autle-1.0.0.tgz",
      "integrity": "sha512-0uY+XiQs/SblZ4aMUzfeeEjMwf1UyMB9lnYWSZEeau1YjgQb2H5U1TA6Pnd+swbTpb4ONu2JTKKXRs1qE4ytPA=="
    }
  },
  "dependencies": {
    "arctan.autle": {
      "version": "1.0.0",
      "resolved": "https://registry.npmjs.org/arctan.autle/-/arctan.autle-1.0.0.tgz",
      "integrity": "sha512-0uY+XiQs/SblZ4aMUzfeeEjMwf1UyMB9lnYWSZEeau1YjgQb2H5U1TA6Pnd+swbTpb4ONu2JTKKXRs1qE4ytPA=="
    }
  }
}
